// !$*UTF8*$!
{
	archiveVersion = 1;
	classes = {
	};
	objectVersion = 46;
	objects = {

/* Begin PBXBuildFile section */
		D31A3BFD1B97784E00EFC5E8 /* Silly.png in Resources */ = {isa = PBXBuildFile; fileRef = D31A3BFC1B97784E00EFC5E8 /* Silly.png */; };
		D31A3BFF1B977EA700EFC5E8 /* 6a0133f30ae399970b0192aa1b5afb970d-pi.jpg in Resources */ = {isa = PBXBuildFile; fileRef = D31A3BFE1B977EA700EFC5E8 /* 6a0133f30ae399970b0192aa1b5afb970d-pi.jpg */; };
		D3E3792C1B963F4A00246ECD /* AppDelegate.swift in Sources */ = {isa = PBXBuildFile; fileRef = D3E3792B1B963F4A00246ECD /* AppDelegate.swift */; };
		D3E3792E1B963F4A00246ECD /* ViewController.swift in Sources */ = {isa = PBXBuildFile; fileRef = D3E3792D1B963F4A00246ECD /* ViewController.swift */; };
		D3E379311B963F4A00246ECD /* Main.storyboard in Resources */ = {isa = PBXBuildFile; fileRef = D3E3792F1B963F4A00246ECD /* Main.storyboard */; };
		D3E379331B963F4A00246ECD /* Assets.xcassets in Resources */ = {isa = PBXBuildFile; fileRef = D3E379321B963F4A00246ECD /* Assets.xcassets */; };
		D3E379361B963F4A00246ECD /* LaunchScreen.storyboard in Resources */ = {isa = PBXBuildFile; fileRef = D3E379341B963F4A00246ECD /* LaunchScreen.storyboard */; };
/* End PBXBuildFile section */

/* Begin PBXFileReference section */
		D31A3BFC1B97784E00EFC5E8 /* Silly.png */ = {isa = PBXFileReference; lastKnownFileType = image.png; path = Silly.png; sourceTree = "<group>"; };
		D31A3BFE1B977EA700EFC5E8 /* 6a0133f30ae399970b0192aa1b5afb970d-pi.jpg */ = {isa = PBXFileReference; lastKnownFileType = image.jpeg; path = "6a0133f30ae399970b0192aa1b5afb970d-pi.jpg"; sourceTree = "<group>"; };
		D3E379281B963F4A00246ECD /* PickersAndCameras.app */ = {isa = PBXFileReference; explicitFileType = wrapper.application; includeInIndex = 0; path = PickersAndCameras.app; sourceTree = BUILT_PRODUCTS_DIR; };
		D3E3792B1B963F4A00246ECD /* AppDelegate.swift */ = {isa = PBXFileReference; lastKnownFileType = sourcecode.swift; path = AppDelegate.swift; sourceTree = "<group>"; };
		D3E3792D1B963F4A00246ECD /* ViewController.swift */ = {isa = PBXFileReference; lastKnownFileType = sourcecode.swift; path = ViewController.swift; sourceTree = "<group>"; };
		D3E379301B963F4A00246ECD /* Base */ = {isa = PBXFileReference; lastKnownFileType = file.storyboard; name = Base; path = Base.lproj/Main.storyboard; sourceTree = "<group>"; };
		D3E379321B963F4A00246ECD /* Assets.xcassets */ = {isa = PBXFileReference; lastKnownFileType = folder.assetcatalog; path = Assets.xcassets; sourceTree = "<group>"; };
		D3E379351B963F4A00246ECD /* Base */ = {isa = PBXFileReference; lastKnownFileType = file.storyboard; name = Base; path = Base.lproj/LaunchScreen.storyboard; sourceTree = "<group>"; };
		D3E379371B963F4A00246ECD /* Info.plist */ = {isa = PBXFileReference; lastKnownFileType = text.plist.xml; path = Info.plist; sourceTree = "<group>"; };
/* End PBXFileReference section */

/* Begin PBXFrameworksBuildPhase section */
		D3E379251B963F4A00246ECD /* Frameworks */ = {
			isa = PBXFrameworksBuildPhase;
			buildActionMask = 2147483647;
			files = (
			);
			runOnlyForDeploymentPostprocessing = 0;
		};
/* End PBXFrameworksBuildPhase section */

/* Begin PBXGroup section */
		D3E3791F1B963F4A00246ECD = {
			isa = PBXGroup;
			children = (
				D3E3792A1B963F4A00246ECD /* PickersAndCameras */,
				D3E379291B963F4A00246ECD /* Products */,
			);
			sourceTree = "<group>";
		};
		D3E379291B963F4A00246ECD /* Products */ = {
			isa = PBXGroup;
			children = (
				D3E379281B963F4A00246ECD /* PickersAndCameras.app */,
			);
			name = Products;
			sourceTree = "<group>";
		};
		D3E3792A1B963F4A00246ECD /* PickersAndCameras */ = {
			isa = PBXGroup;
			children = (
				D3E3792B1B963F4A00246ECD /* AppDelegate.swift */,
				D3E3792D1B963F4A00246ECD /* ViewController.swift */,
				D3E3792F1B963F4A00246ECD /* Main.storyboard */,
				D31A3BFC1B97784E00EFC5E8 /* Silly.png */,
				D31A3BFE1B977EA700EFC5E8 /* 6a0133f30ae399970b0192aa1b5afb970d-pi.jpg */,
				D3E379321B963F4A00246ECD /* Assets.xcassets */,
				D3E379341B963F4A00246ECD /* LaunchScreen.storyboard */,
				D3E379371B963F4A00246ECD /* Info.plist */,
			);
			path = PickersAndCameras;
			sourceTree = "<group>";
		};
/* End PBXGroup section */

/* Begin PBXNativeTarget section */
		D3E379271B963F4A00246ECD /* PickersAndCameras */ = {
			isa = PBXNativeTarget;
			buildConfigurationList = D3E3793A1B963F4A00246ECD /* Build configuration list for PBXNativeTarget "PickersAndCameras" */;
			buildPhases = (
				D3E379241B963F4A00246ECD /* Sources */,
				D3E379251B963F4A00246ECD /* Frameworks */,
				D3E379261B963F4A00246ECD /* Resources */,
			);
			buildRules = (
			);
			dependencies = (
			);
			name = PickersAndCameras;
			productName = PickersAndCameras;
			productReference = D3E379281B963F4A00246ECD /* PickersAndCameras.app */;
			productType = "com.apple.product-type.application";
		};
/* End PBXNativeTarget section */

/* Begin PBXProject section */
		D3E379201B963F4A00246ECD /* Project object */ = {
			isa = PBXProject;
			attributes = {
				LastUpgradeCheck = 0700;
				ORGANIZATIONNAME = Razeware;
				TargetAttributes = {
					D3E379271B963F4A00246ECD = {
						CreatedOnToolsVersion = 7.0;
						DevelopmentTeam = L952KSTMA9;
					};
				};
			};
			buildConfigurationList = D3E379231B963F4A00246ECD /* Build configuration list for PBXProject "PickersAndCameras" */;
			compatibilityVersion = "Xcode 3.2";
			developmentRegion = English;
			hasScannedForEncodings = 0;
			knownRegions = (
				en,
				Base,
			);
			mainGroup = D3E3791F1B963F4A00246ECD;
			productRefGroup = D3E379291B963F4A00246ECD /* Products */;
			projectDirPath = "";
			projectRoot = "";
			targets = (
				D3E379271B963F4A00246ECD /* PickersAndCameras */,
			);
		};
/* End PBXProject section */

/* Begin PBXResourcesBuildPhase section */
		D3E379261B963F4A00246ECD /* Resources */ = {
			isa = PBXResourcesBuildPhase;
			buildActionMask = 2147483647;
			files = (
				D3E379361B963F4A00246ECD /* LaunchScreen.storyboard in Resources */,
				D31A3BFF1B977EA700EFC5E8 /* 6a0133f30ae399970b0192aa1b5afb970d-pi.jpg in Resources */,
				D31A3BFD1B97784E00EFC5E8 /* Silly.png in Resources */,
				D3E379331B963F4A00246ECD /* Assets.xcassets in Resources */,
				D3E379311B963F4A00246ECD /* Main.storyboard in Resources */,
			);
			runOnlyForDeploymentPostprocessing = 0;
		};
/* End PBXResourcesBuildPhase section */

/* Begin PBXSourcesBuildPhase section */
		D3E379241B963F4A00246ECD /* Sources */ = {
			isa = PBXSourcesBuildPhase;
			buildActionMask = 2147483647;
			files = (
				D3E3792E1B963F4A00246ECD /* ViewController.swift in Sources */,
				D3E3792C1B963F4A00246ECD /* AppDelegate.swift in Sources */,
			);
			runOnlyForDeploymentPostprocessing = 0;
		};
/* End PBXSourcesBuildPhase section */

/* Begin PBXVariantGroup section */
		D3E3792F1B963F4A00246ECD /* Main.storyboard */ = {
			isa = PBXVariantGroup;
			children = (
				D3E379301B963F4A00246ECD /* Base */,
			);
			name = Main.storyboard;
			sourceTree = "<group>";
		};
		D3E379341B963F4A00246ECD /* LaunchScreen.storyboard */ = {
			isa = PBXVariantGroup;
			children = (
				D3E379351B963F4A00246ECD /* Base */,
			);
			name = LaunchScreen.storyboard;
			sourceTree = "<group>";
		};
/* End PBXVariantGroup section */

/* Begin XCBuildConfiguration section */
		D3E379381B963F4A00246ECD /* Debug */ = {
			isa = XCBuildConfiguration;
			buildSettings = {
				ALWAYS_SEARCH_USER_PATHS = NO;
				CLANG_CXX_LANGUAGE_STANDARD = "gnu++0x";
				CLANG_CXX_LIBRARY = "libc++";
				CLANG_ENABLE_MODULES = YES;
				CLANG_ENABLE_OBJC_ARC = YES;
				CLANG_WARN_BOOL_CONVERSION = YES;
				CLANG_WARN_CONSTANT_CONVERSION = YES;
				CLANG_WARN_DIRECT_OBJC_ISA_USAGE = YES_ERROR;
				CLANG_WARN_EMPTY_BODY = YES;
				CLANG_WARN_ENUM_CONVERSION = YES;
				CLANG_WARN_INT_CONVERSION = YES;
				CLANG_WARN_OBJC_ROOT_CLASS = YES_ERROR;
				CLANG_WARN_UNREACHABLE_CODE = YES;
				CLANG_WARN__DUPLICATE_METHOD_MATCH = YES;
				"CODE_SIGN_IDENTITY[sdk=iphoneos*]" = "iPhone Developer";
				COPY_PHASE_STRIP = NO;
				DEBUG_INFORMATION_FORMAT = dwarf;
				ENABLE_STRICT_OBJC_MSGSEND = YES;
				ENABLE_TESTABILITY = YES;
				GCC_C_LANGUAGE_STANDARD = gnu99;
				GCC_DYNAMIC_NO_PIC = NO;
				GCC_NO_COMMON_BLOCKS = YES;
				GCC_OPTIMIZATION_LEVEL = 0;
				GCC_PREPROCESSOR_DEFINITIONS = (
					"DEBUG=1",
					"$(inherited)",
				);
				GCC_WARN_64_TO_32_BIT_CONVERSION = YES;
				GCC_WARN_ABOUT_RETURN_TYPE = YES_ERROR;
				GCC_WARN_UNDECLARED_SELECTOR = YES;
				GCC_WARN_UNINITIALIZED_AUTOS = YES_AGGRESSIVE;
				GCC_WARN_UNUSED_FUNCTION = YES;
				GCC_WARN_UNUSED_VARIABLE = YES;
				IPHONEOS_DEPLOYMENT_TARGET = 9.0;
				MTL_ENABLE_DEBUG_INFO = YES;
				ONLY_ACTIVE_ARCH = YES;
				SDKROOT = iphoneos;
				SWIFT_OPTIMIZATION_LEVEL = "-Onone";
				TARGETED_DEVICE_FAMILY = "1,2";
			};
			name = Debug;
		};
		D3E379391B963F4A00246ECD /* Release */ = {
			isa = XCBuildConfiguration;
			buildSettings = {
				ALWAYS_SEARCH_USER_PATHS = NO;
				CLANG_CXX_LANGUAGE_STANDARD = "gnu++0x";
				CLANG_CXX_LIBRARY = "libc++";
				CLANG_ENABLE_MODULES = YES;
				CLANG_ENABLE_OBJC_ARC = YES;
				CLANG_WARN_BOOL_CONVERSION = YES;
				CLANG_WARN_CONSTANT_CONVERSION = YES;
				CLANG_WARN_DIRECT_OBJC_ISA_USAGE = YES_ERROR;
				CLANG_WARN_EMPTY_BODY = YES;
				CLANG_WARN_ENUM_CONVERSION = YES;
				CLANG_WARN_INT_CONVERSION = YES;
				CLANG_WARN_OBJC_ROOT_CLASS = YES_ERROR;
				CLANG_WARN_UNREACHABLE_CODE = YES;
				CLANG_WARN__DUPLICATE_METHOD_MATCH = YES;
				"CODE_SIGN_IDENTITY[sdk=iphoneos*]" = "iPhone Developer";
				COPY_PHASE_STRIP = NO;
				DEBUG_INFORMATION_FORMAT = "dwarf-with-dsym";
				ENABLE_NS_ASSERTIONS = NO;
				ENABLE_STRICT_OBJC_MSGSEND = YES;
				GCC_C_LANGUAGE_STANDARD = gnu99;
				GCC_NO_COMMON_BLOCKS = YES;
				GCC_WARN_64_TO_32_BIT_CONVERSION = YES;
				GCC_WARN_ABOUT_RETURN_TYPE = YES_ERROR;
				GCC_WARN_UNDECLARED_SELECTOR = YES;
				GCC_WARN_UNINITIALIZED_AUTOS = YES_AGGRESSIVE;
				GCC_WARN_UNUSED_FUNCTION = YES;
				GCC_WARN_UNUSED_VARIABLE = YES;
				IPHONEOS_DEPLOYMENT_TARGET = 9.0;
				MTL_ENABLE_DEBUG_INFO = NO;
				SDKROOT = iphoneos;
				TARGETED_DEVICE_FAMILY = "1,2";
				VALIDATE_PRODUCT = YES;
			};
			name = Release;
		};
		D3E3793B1B963F4A00246ECD /* Debug */ = {
			isa = XCBuildConfiguration;
			buildSettings = {
				ASSETCATALOG_COMPILER_APPICON_NAME = AppIcon;
				CODE_SIGN_IDENTITY = "iPhone Developer";
				INFOPLIST_FILE = PickersAndCameras/Info.plist;
				IPHONEOS_DEPLOYMENT_TARGET = 9.0;
				LD_RUNPATH_SEARCH_PATHS = "$(inherited) @executable_path/Frameworks";
				PRODUCT_BUNDLE_IDENTIFIER = com.razeware.PickersAndCameras;
				PRODUCT_NAME = "$(TARGET_NAME)";
			};
			name = Debug;
		};
		D3E3793C1B963F4A00246ECD /* Release */ = {
			isa = XCBuildConfiguration;
			buildSettings = {
				ASSETCATALOG_COMPILER_APPICON_NAME = AppIcon;
				CODE_SIGN_IDENTITY = "iPhone Developer";
				INFOPLIST_FILE = PickersAndCameras/Info.plist;
				IPHONEOS_DEPLOYMENT_TARGET = 9.0;
				LD_RUNPATH_SEARCH_PATHS = "$(inherited) @executable_path/Frameworks";
				PRODUCT_BUNDLE_IDENTIFIER = com.razeware.PickersAndCameras;
				PRODUCT_NAME = "$(TARGET_NAME)";
			};
			name = Release;
		};
/* End XCBuildConfiguration section */

/* Begin XCConfigurationList section */
		D3E379231B963F4A00246ECD /* Build configuration list for PBXProject "PickersAndCameras" */ = {
			isa = XCConfigurationList;
			buildConfigurations = (
				D3E379381B963F4A00246ECD /* Debug */,
				D3E379391B963F4A00246ECD /* Release */,
			);
			defaultConfigurationIsVisible = 0;
			defaultConfigurationName = Release;
		};
		D3E3793A1B963F4A00246ECD /* Build configuration list for PBXNativeTarget "PickersAndCameras" */ = {
			isa = XCConfigurationList;
			buildConfigurations = (
				D3E3793B1B963F4A00246ECD /* Debug */,
				D3E3793C1B963F4A00246ECD /* Release */,
			);
			defaultConfigurationIsVisible = 0;
			defaultConfigurationName = Release;
		};
/* End XCConfigurationList section */
	};
	rootObject = D3E379201B963F4A00246ECD /* Project object */;
}
